
Microsoft Visual Studio Solution File, Format Version 12.00
# Visual Studio 2013
VisualStudioVersion = 12.0.40629.0
MinimumVisualStudioVersion = 10.0.40219.1
Project("{FAE04EC0-301F-11D3-BF4B-00C04F79EFBC}") = "CLRegAsm", "CLRegAsm\CLRegAsm.csproj", "{726910CB-F38C-45E9-BB02-88506C360178}"
EndProject
Project("{FAE04EC0-301F-11D3-BF4B-00C04F79EFBC}") = "CLRegAsmLib", "CLRegAsmLib\CLRegAsmLib.csproj", "{D0C4150B-87B8-4960-8A88-F7B687CABF3C}"
EndProject
Project("{FAE04EC0-301F-11D3-BF4B-00C04F79EFBC}") = "CLRegAsmTestAssembly", "CLRegAsmTestAssembly\CLRegAsmTestAssembly.csproj", "{72B56143-9097-4769-BA73-A66E5162E915}"
EndProject
Project("{2150E333-8FDC-42A3-9474-1A3956D46DE8}") = "Solution Items", "Solution Items", "{8AEA16D0-D977-484B-A8E2-D89519051278}"
EndProject
Global
	GlobalSection(SolutionConfigurationPlatforms) = preSolution
		Debug_NET20|Win32 = Debug_NET20|Win32
		Debug_NET20|x64 = Debug_NET20|x64
		Debug_NET40|Win32 = Debug_NET40|Win32
		Debug_NET40|x64 = Debug_NET40|x64
		Release_NET20|Win32 = Release_NET20|Win32
		Release_NET20|x64 = Release_NET20|x64
		Release_NET40|Win32 = Release_NET40|Win32
		Release_NET40|x64 = Release_NET40|x64
	EndGlobalSection
	GlobalSection(ProjectConfigurationPlatforms) = postSolution
		{726910CB-F38C-45E9-BB02-88506C360178}.Debug_NET20|Win32.ActiveCfg = Debug_NET20|x86
		{726910CB-F38C-45E9-BB02-88506C360178}.Debug_NET20|Win32.Build.0 = Debug_NET20|x86
		{726910CB-F38C-45E9-BB02-88506C360178}.Debug_NET20|x64.ActiveCfg = Debug_NET20|x64
		{726910CB-F38C-45E9-BB02-88506C360178}.Debug_NET20|x64.Build.0 = Debug_NET20|x64
		{726910CB-F38C-45E9-BB02-88506C360178}.Debug_NET40|Win32.ActiveCfg = Debug_NET40|x86
		{726910CB-F38C-45E9-BB02-88506C360178}.Debug_NET40|Win32.Build.0 = Debug_NET40|x86
		{726910CB-F38C-45E9-BB02-88506C360178}.Debug_NET40|x64.ActiveCfg = Debug_NET40|x64
		{726910CB-F38C-45E9-BB02-88506C360178}.Debug_NET40|x64.Build.0 = Debug_NET40|x64
		{726910CB-F38C-45E9-BB02-88506C360178}.Release_NET20|Win32.ActiveCfg = Release_NET20|x86
		{726910CB-F38C-45E9-BB02-88506C360178}.Release_NET20|Win32.Build.0 = Release_NET20|x86
		{726910CB-F38C-45E9-BB02-88506C360178}.Release_NET20|x64.ActiveCfg = Release_NET20|x64
		{726910CB-F38C-45E9-BB02-88506C360178}.Release_NET20|x64.Build.0 = Release_NET20|x64
		{726910CB-F38C-45E9-BB02-88506C360178}.Release_NET40|Win32.ActiveCfg = Release_NET40|x86
		{726910CB-F38C-45E9-BB02-88506C360178}.Release_NET40|Win32.Build.0 = Release_NET40|x86
		{726910CB-F38C-45E9-BB02-88506C360178}.Release_NET40|x64.ActiveCfg = Release_NET40|x64
		{726910CB-F38C-45E9-BB02-88506C360178}.Release_NET40|x64.Build.0 = Release_NET40|x64
		{D0C4150B-87B8-4960-8A88-F7B687CABF3C}.Debug_NET20|Win32.ActiveCfg = Debug|Any CPU
		{D0C4150B-87B8-4960-8A88-F7B687CABF3C}.Debug_NET20|Win32.Build.0 = Debug|Any CPU
		{D0C4150B-87B8-4960-8A88-F7B687CABF3C}.Debug_NET20|x64.ActiveCfg = Debug|Any CPU
		{D0C4150B-87B8-4960-8A88-F7B687CABF3C}.Debug_NET20|x64.Build.0 = Debug|Any CPU
		{D0C4150B-87B8-4960-8A88-F7B687CABF3C}.Debug_NET40|Win32.ActiveCfg = Debug|Any CPU
		{D0C4150B-87B8-4960-8A88-F7B687CABF3C}.Debug_NET40|Win32.Build.0 = Debug|Any CPU
		{D0C4150B-87B8-4960-8A88-F7B687CABF3C}.Debug_NET40|x64.ActiveCfg = Debug|Any CPU
		{D0C4150B-87B8-4960-8A88-F7B687CABF3C}.Debug_NET40|x64.Build.0 = Debug|Any CPU
		{D0C4150B-87B8-4960-8A88-F7B687CABF3C}.Release_NET20|Win32.ActiveCfg = Release|Any CPU
		{D0C4150B-87B8-4960-8A88-F7B687CABF3C}.Release_NET20|Win32.Build.0 = Release|Any CPU
		{D0C4150B-87B8-4960-8A88-F7B687CABF3C}.Release_NET20|x64.ActiveCfg = Release|Any CPU
		{D0C4150B-87B8-4960-8A88-F7B687CABF3C}.Release_NET20|x64.Build.0 = Release|Any CPU
		{D0C4150B-87B8-4960-8A88-F7B687CABF3C}.Release_NET40|Win32.ActiveCfg = Release|Any CPU
		{D0C4150B-87B8-4960-8A88-F7B687CABF3C}.Release_NET40|Win32.Build.0 = Release|Any CPU
		{D0C4150B-87B8-4960-8A88-F7B687CABF3C}.Release_NET40|x64.ActiveCfg = Release|Any CPU
		{D0C4150B-87B8-4960-8A88-F7B687CABF3C}.Release_NET40|x64.Build.0 = Release|Any CPU
		{72B56143-9097-4769-BA73-A66E5162E915}.Debug_NET20|Win32.ActiveCfg = Debug_NET20|x86
		{72B56143-9097-4769-BA73-A66E5162E915}.Debug_NET20|Win32.Build.0 = Debug_NET20|x86
		{72B56143-9097-4769-BA73-A66E5162E915}.Debug_NET20|x64.ActiveCfg = Debug_NET20|x64
		{72B56143-9097-4769-BA73-A66E5162E915}.Debug_NET20|x64.Build.0 = Debug_NET20|x64
		{72B56143-9097-4769-BA73-A66E5162E915}.Debug_NET40|Win32.ActiveCfg = Debug_NET40|x86
		{72B56143-9097-4769-BA73-A66E5162E915}.Debug_NET40|Win32.Build.0 = Debug_NET40|x86
		{72B56143-9097-4769-BA73-A66E5162E915}.Debug_NET40|x64.ActiveCfg = Debug_NET40|x64
		{72B56143-9097-4769-BA73-A66E5162E915}.Debug_NET40|x64.Build.0 = Debug_NET40|x64
		{72B56143-9097-4769-BA73-A66E5162E915}.Release_NET20|Win32.ActiveCfg = Release_NET20|x86
		{72B56143-9097-4769-BA73-A66E5162E915}.Release_NET20|Win32.Build.0 = Release_NET20|x86
		{72B56143-9097-4769-BA73-A66E5162E915}.Release_NET20|x64.ActiveCfg = Release_NET20|x64
		{72B56143-9097-4769-BA73-A66E5162E915}.Release_NET20|x64.Build.0 = Release_NET20|x64
		{72B56143-9097-4769-BA73-A66E5162E915}.Release_NET40|Win32.ActiveCfg = Release_NET40|x86
		{72B56143-9097-4769-BA73-A66E5162E915}.Release_NET40|Win32.Build.0 = Release_NET40|x86
		{72B56143-9097-4769-BA73-A66E5162E915}.Release_NET40|x64.ActiveCfg = Release_NET40|x64
		{72B56143-9097-4769-BA73-A66E5162E915}.Release_NET40|x64.Build.0 = Release_NET40|x64
	EndGlobalSection
	GlobalSection(SolutionProperties) = preSolution
		HideSolutionNode = FALSE
	EndGlobalSection
EndGlobal
